PODS:
  - Magnetic (3.1.2)
  - SideMenu (6.4.7)

DEPENDENCIES:
  - Magnetic
  - SideMenu

SPEC REPOS:
  trunk:
    - Magnetic
    - SideMenu

SPEC CHECKSUMS:
  Magnetic: dc24bdaa891c55d7d5edcc8b5b3d8cd64465aed1
  SideMenu: 928a015669c3afc201e1fe3a87f1b0bc8993a664

PODFILE CHECKSUM: 74314e93ff531b813ebe007e4f2513dee37448c0

COCOAPODS: 1.8.4
