// !$*UTF8*$!
{
	archiveVersion = 1;
	classes = {
	};
	objectVersion = 51;
	objects = {

/* Begin PBXBuildFile section */
		1402A81EB4700E3AED544CFD /* Pods_iOS5959.framework in Frameworks */ = {isa = PBXBuildFile; fileRef = 8AC4AECA226FEE46C547BDDD /* Pods_iOS5959.framework */; };
		7131D37823BDDC0700E4EA64 /* ColorChipCollectionViewCell.xib in Resources */ = {isa = PBXBuildFile; fileRef = 7131D37723BDDC0700E4EA64 /* ColorChipCollectionViewCell.xib */; };
		7131D37A23BDDC5E00E4EA64 /* ColorChipCollectionViewCell.swift in Sources */ = {isa = PBXBuildFile; fileRef = 7131D37923BDDC5E00E4EA64 /* ColorChipCollectionViewCell.swift */; };
		7140346123D8A33200643F1C /* NanumSquareRoundEB.ttf in Resources */ = {isa = PBXBuildFile; fileRef = 7140345D23D8A33100643F1C /* NanumSquareRoundEB.ttf */; };
		7140346223D8A33200643F1C /* NanumSquareRoundR.ttf in Resources */ = {isa = PBXBuildFile; fileRef = 7140345E23D8A33100643F1C /* NanumSquareRoundR.ttf */; };
		7140346323D8A33200643F1C /* NanumSquareRoundL.ttf in Resources */ = {isa = PBXBuildFile; fileRef = 7140345F23D8A33200643F1C /* NanumSquareRoundL.ttf */; };
		7140346423D8A33200643F1C /* NanumSquareRoundB.ttf in Resources */ = {isa = PBXBuildFile; fileRef = 7140346023D8A33200643F1C /* NanumSquareRoundB.ttf */; };
		7140346623D9545500643F1C /* Fonts.swift in Sources */ = {isa = PBXBuildFile; fileRef = 7140346523D9545500643F1C /* Fonts.swift */; };
		7156BCC323B7A5E8001072CC /* SideMenuViewController.swift in Sources */ = {isa = PBXBuildFile; fileRef = 7156BCC223B7A5E8001072CC /* SideMenuViewController.swift */; };
		7156BCC523B7A60F001072CC /* SideMenuTableView.swift in Sources */ = {isa = PBXBuildFile; fileRef = 7156BCC423B7A60F001072CC /* SideMenuTableView.swift */; };
		7156BCC723B7A619001072CC /* SideMenuTableViewCell.swift in Sources */ = {isa = PBXBuildFile; fileRef = 7156BCC623B7A619001072CC /* SideMenuTableViewCell.swift */; };
		7156BCCC23B8A4E6001072CC /* Colors.swift in Sources */ = {isa = PBXBuildFile; fileRef = 7156BCCB23B8A4E6001072CC /* Colors.swift */; };
		7156BCD123BDB6EE001072CC /* ModifyCollectionView.swift in Sources */ = {isa = PBXBuildFile; fileRef = 7156BCD023BDB6EE001072CC /* ModifyCollectionView.swift */; };
		7156BCD323BDB6FF001072CC /* ModifyCollectionViewXib.xib in Resources */ = {isa = PBXBuildFile; fileRef = 7156BCD223BDB6FF001072CC /* ModifyCollectionViewXib.xib */; };
		7156BCD523BDB8BC001072CC /* ModifyCollectionViewController.swift in Sources */ = {isa = PBXBuildFile; fileRef = 7156BCD423BDB8BC001072CC /* ModifyCollectionViewController.swift */; };
		7156BCD723BDC0AA001072CC /* ColorChipCollectionView.swift in Sources */ = {isa = PBXBuildFile; fileRef = 7156BCD623BDC0AA001072CC /* ColorChipCollectionView.swift */; };
		717F3929239A103F008DA87A /* AppDelegate.swift in Sources */ = {isa = PBXBuildFile; fileRef = 717F3928239A103F008DA87A /* AppDelegate.swift */; };
		717F392B239A103F008DA87A /* SceneDelegate.swift in Sources */ = {isa = PBXBuildFile; fileRef = 717F392A239A103F008DA87A /* SceneDelegate.swift */; };
		717F392D239A103F008DA87A /* ViewController.swift in Sources */ = {isa = PBXBuildFile; fileRef = 717F392C239A103F008DA87A /* ViewController.swift */; };
		717F3930239A103F008DA87A /* Main.storyboard in Resources */ = {isa = PBXBuildFile; fileRef = 717F392E239A103F008DA87A /* Main.storyboard */; };
		717F3932239A104B008DA87A /* Assets.xcassets in Resources */ = {isa = PBXBuildFile; fileRef = 717F3931239A104B008DA87A /* Assets.xcassets */; };
		717F3935239A104B008DA87A /* LaunchScreen.storyboard in Resources */ = {isa = PBXBuildFile; fileRef = 717F3933239A104B008DA87A /* LaunchScreen.storyboard */; };
		717F3940239A104B008DA87A /* iOS5959Tests.swift in Sources */ = {isa = PBXBuildFile; fileRef = 717F393F239A104B008DA87A /* iOS5959Tests.swift */; };
		FA4E5AF023AE10DD0038FD6E /* ItemView.storyboard in Resources */ = {isa = PBXBuildFile; fileRef = FA4E5AEF23AE10DD0038FD6E /* ItemView.storyboard */; };
		FA4E5AF223AE13950038FD6E /* ItemMainVC.swift in Sources */ = {isa = PBXBuildFile; fileRef = FA4E5AF123AE13950038FD6E /* ItemMainVC.swift */; };
		FA829E9023E5825B00A9FE0A /* ShareViewController.swift in Sources */ = {isa = PBXBuildFile; fileRef = FA829E8F23E5825B00A9FE0A /* ShareViewController.swift */; };
		FA829E9323E5825B00A9FE0A /* MainInterface.storyboard in Resources */ = {isa = PBXBuildFile; fileRef = FA829E9123E5825B00A9FE0A /* MainInterface.storyboard */; };
		FA829E9723E5825B00A9FE0A /* ShareExtension.appex in Embed App Extensions */ = {isa = PBXBuildFile; fileRef = FA829E8D23E5825B00A9FE0A /* ShareExtension.appex */; settings = {ATTRIBUTES = (RemoveHeadersOnCopy, ); }; };
		FA83A10723C1BFA10073D438 /* ItemDetailVC.swift in Sources */ = {isa = PBXBuildFile; fileRef = FA83A10623C1BFA10073D438 /* ItemDetailVC.swift */; };
		FA83A10923C39A530073D438 /* StaticTableVC.swift in Sources */ = {isa = PBXBuildFile; fileRef = FA83A10823C39A530073D438 /* StaticTableVC.swift */; };
		FA83A10B23C5CEB50073D438 /* Function.swift in Sources */ = {isa = PBXBuildFile; fileRef = FA83A10A23C5CEB50073D438 /* Function.swift */; };
		FA86A3E523CF08B9004E4807 /* CollectionSelectVC.swift in Sources */ = {isa = PBXBuildFile; fileRef = FA86A3E423CF08B9004E4807 /* CollectionSelectVC.swift */; };
		FBA395479441A733864ECE70 /* Pods_iOS5959Tests.framework in Frameworks */ = {isa = PBXBuildFile; fileRef = FB9AF3AC2CE0CA3E77165B63 /* Pods_iOS5959Tests.framework */; };
/* End PBXBuildFile section */

/* Begin PBXContainerItemProxy section */
		717F393C239A104B008DA87A /* PBXContainerItemProxy */ = {
			isa = PBXContainerItemProxy;
			containerPortal = 717F391D239A103F008DA87A /* Project object */;
			proxyType = 1;
			remoteGlobalIDString = 717F3924239A103F008DA87A;
			remoteInfo = iOS5959;
		};
		FA829E9523E5825B00A9FE0A /* PBXContainerItemProxy */ = {
			isa = PBXContainerItemProxy;
			containerPortal = 717F391D239A103F008DA87A /* Project object */;
			proxyType = 1;
			remoteGlobalIDString = FA829E8C23E5825B00A9FE0A;
			remoteInfo = ShareExtension;
		};
/* End PBXContainerItemProxy section */

/* Begin PBXCopyFilesBuildPhase section */
		FA829E9823E5825B00A9FE0A /* Embed App Extensions */ = {
			isa = PBXCopyFilesBuildPhase;
			buildActionMask = 2147483647;
			dstPath = "";
			dstSubfolderSpec = 13;
			files = (
				FA829E9723E5825B00A9FE0A /* ShareExtension.appex in Embed App Extensions */,
			);
			name = "Embed App Extensions";
			runOnlyForDeploymentPostprocessing = 0;
		};
/* End PBXCopyFilesBuildPhase section */

/* Begin PBXFileReference section */
		115E5F10E4E3452E84D4C1BF /* Pods-iOS5959.debug.xcconfig */ = {isa = PBXFileReference; includeInIndex = 1; lastKnownFileType = text.xcconfig; name = "Pods-iOS5959.debug.xcconfig"; path = "Target Support Files/Pods-iOS5959/Pods-iOS5959.debug.xcconfig"; sourceTree = "<group>"; };
		43657F715DC1F2BB0227BB43 /* Pods-iOS5959Tests.debug.xcconfig */ = {isa = PBXFileReference; includeInIndex = 1; lastKnownFileType = text.xcconfig; name = "Pods-iOS5959Tests.debug.xcconfig"; path = "Target Support Files/Pods-iOS5959Tests/Pods-iOS5959Tests.debug.xcconfig"; sourceTree = "<group>"; };
		7131D37723BDDC0700E4EA64 /* ColorChipCollectionViewCell.xib */ = {isa = PBXFileReference; lastKnownFileType = file.xib; path = ColorChipCollectionViewCell.xib; sourceTree = "<group>"; };
		7131D37923BDDC5E00E4EA64 /* ColorChipCollectionViewCell.swift */ = {isa = PBXFileReference; lastKnownFileType = sourcecode.swift; path = ColorChipCollectionViewCell.swift; sourceTree = "<group>"; };
		7140345D23D8A33100643F1C /* NanumSquareRoundEB.ttf */ = {isa = PBXFileReference; lastKnownFileType = file; path = NanumSquareRoundEB.ttf; sourceTree = "<group>"; };
		7140345E23D8A33100643F1C /* NanumSquareRoundR.ttf */ = {isa = PBXFileReference; lastKnownFileType = file; path = NanumSquareRoundR.ttf; sourceTree = "<group>"; };
		7140345F23D8A33200643F1C /* NanumSquareRoundL.ttf */ = {isa = PBXFileReference; lastKnownFileType = file; path = NanumSquareRoundL.ttf; sourceTree = "<group>"; };
		7140346023D8A33200643F1C /* NanumSquareRoundB.ttf */ = {isa = PBXFileReference; lastKnownFileType = file; path = NanumSquareRoundB.ttf; sourceTree = "<group>"; };
		7140346523D9545500643F1C /* Fonts.swift */ = {isa = PBXFileReference; lastKnownFileType = sourcecode.swift; path = Fonts.swift; sourceTree = "<group>"; };
		7156BCC223B7A5E8001072CC /* SideMenuViewController.swift */ = {isa = PBXFileReference; lastKnownFileType = sourcecode.swift; path = SideMenuViewController.swift; sourceTree = "<group>"; };
		7156BCC423B7A60F001072CC /* SideMenuTableView.swift */ = {isa = PBXFileReference; lastKnownFileType = sourcecode.swift; path = SideMenuTableView.swift; sourceTree = "<group>"; };
		7156BCC623B7A619001072CC /* SideMenuTableViewCell.swift */ = {isa = PBXFileReference; lastKnownFileType = sourcecode.swift; path = SideMenuTableViewCell.swift; sourceTree = "<group>"; };
		7156BCCB23B8A4E6001072CC /* Colors.swift */ = {isa = PBXFileReference; lastKnownFileType = sourcecode.swift; path = Colors.swift; sourceTree = "<group>"; };
		7156BCD023BDB6EE001072CC /* ModifyCollectionView.swift */ = {isa = PBXFileReference; lastKnownFileType = sourcecode.swift; path = ModifyCollectionView.swift; sourceTree = "<group>"; };
		7156BCD223BDB6FF001072CC /* ModifyCollectionViewXib.xib */ = {isa = PBXFileReference; lastKnownFileType = file.xib; path = ModifyCollectionViewXib.xib; sourceTree = "<group>"; };
		7156BCD423BDB8BC001072CC /* ModifyCollectionViewController.swift */ = {isa = PBXFileReference; lastKnownFileType = sourcecode.swift; name = ModifyCollectionViewController.swift; path = iOS5959/SetCollection/ModifyCollectionViewController.swift; sourceTree = SOURCE_ROOT; };
		7156BCD623BDC0AA001072CC /* ColorChipCollectionView.swift */ = {isa = PBXFileReference; lastKnownFileType = sourcecode.swift; path = ColorChipCollectionView.swift; sourceTree = "<group>"; };
		717F3925239A103F008DA87A /* WishBall.app */ = {isa = PBXFileReference; explicitFileType = wrapper.application; includeInIndex = 0; path = WishBall.app; sourceTree = BUILT_PRODUCTS_DIR; };
		717F3928239A103F008DA87A /* AppDelegate.swift */ = {isa = PBXFileReference; lastKnownFileType = sourcecode.swift; path = AppDelegate.swift; sourceTree = "<group>"; };
		717F392A239A103F008DA87A /* SceneDelegate.swift */ = {isa = PBXFileReference; lastKnownFileType = sourcecode.swift; path = SceneDelegate.swift; sourceTree = "<group>"; };
		717F392C239A103F008DA87A /* ViewController.swift */ = {isa = PBXFileReference; lastKnownFileType = sourcecode.swift; path = ViewController.swift; sourceTree = "<group>"; };
		717F392F239A103F008DA87A /* Base */ = {isa = PBXFileReference; lastKnownFileType = file.storyboard; name = Base; path = Base.lproj/Main.storyboard; sourceTree = "<group>"; };
		717F3931239A104B008DA87A /* Assets.xcassets */ = {isa = PBXFileReference; lastKnownFileType = folder.assetcatalog; path = Assets.xcassets; sourceTree = "<group>"; };
		717F3934239A104B008DA87A /* Base */ = {isa = PBXFileReference; lastKnownFileType = file.storyboard; name = Base; path = Base.lproj/LaunchScreen.storyboard; sourceTree = "<group>"; };
		717F3936239A104B008DA87A /* Info.plist */ = {isa = PBXFileReference; lastKnownFileType = text.plist.xml; path = Info.plist; sourceTree = "<group>"; };
		717F393B239A104B008DA87A /* iOS5959Tests.xctest */ = {isa = PBXFileReference; explicitFileType = wrapper.cfbundle; includeInIndex = 0; path = iOS5959Tests.xctest; sourceTree = BUILT_PRODUCTS_DIR; };
		717F393F239A104B008DA87A /* iOS5959Tests.swift */ = {isa = PBXFileReference; lastKnownFileType = sourcecode.swift; path = iOS5959Tests.swift; sourceTree = "<group>"; };
		717F3941239A104B008DA87A /* Info.plist */ = {isa = PBXFileReference; lastKnownFileType = text.plist.xml; path = Info.plist; sourceTree = "<group>"; };
		77C7F6BED602FD1C8EC5A973 /* Pods-iOS5959.release.xcconfig */ = {isa = PBXFileReference; includeInIndex = 1; lastKnownFileType = text.xcconfig; name = "Pods-iOS5959.release.xcconfig"; path = "Target Support Files/Pods-iOS5959/Pods-iOS5959.release.xcconfig"; sourceTree = "<group>"; };
		8AC4AECA226FEE46C547BDDD /* Pods_iOS5959.framework */ = {isa = PBXFileReference; explicitFileType = wrapper.framework; includeInIndex = 0; path = Pods_iOS5959.framework; sourceTree = BUILT_PRODUCTS_DIR; };
		F205DE21DA8CD2AE525765A8 /* Pods-iOS5959Tests.release.xcconfig */ = {isa = PBXFileReference; includeInIndex = 1; lastKnownFileType = text.xcconfig; name = "Pods-iOS5959Tests.release.xcconfig"; path = "Target Support Files/Pods-iOS5959Tests/Pods-iOS5959Tests.release.xcconfig"; sourceTree = "<group>"; };
		FA4E5AEF23AE10DD0038FD6E /* ItemView.storyboard */ = {isa = PBXFileReference; lastKnownFileType = file.storyboard; path = ItemView.storyboard; sourceTree = "<group>"; };
		FA4E5AF123AE13950038FD6E /* ItemMainVC.swift */ = {isa = PBXFileReference; lastKnownFileType = sourcecode.swift; path = ItemMainVC.swift; sourceTree = "<group>"; };
		FA829E8D23E5825B00A9FE0A /* ShareExtension.appex */ = {isa = PBXFileReference; explicitFileType = "wrapper.app-extension"; includeInIndex = 0; path = ShareExtension.appex; sourceTree = BUILT_PRODUCTS_DIR; };
		FA829E8F23E5825B00A9FE0A /* ShareViewController.swift */ = {isa = PBXFileReference; lastKnownFileType = sourcecode.swift; path = ShareViewController.swift; sourceTree = "<group>"; };
		FA829E9223E5825B00A9FE0A /* Base */ = {isa = PBXFileReference; lastKnownFileType = file.storyboard; name = Base; path = Base.lproj/MainInterface.storyboard; sourceTree = "<group>"; };
		FA829E9423E5825B00A9FE0A /* Info.plist */ = {isa = PBXFileReference; lastKnownFileType = text.plist.xml; path = Info.plist; sourceTree = "<group>"; };
		FA83A10623C1BFA10073D438 /* ItemDetailVC.swift */ = {isa = PBXFileReference; lastKnownFileType = sourcecode.swift; path = ItemDetailVC.swift; sourceTree = "<group>"; };
		FA83A10823C39A530073D438 /* StaticTableVC.swift */ = {isa = PBXFileReference; lastKnownFileType = sourcecode.swift; path = StaticTableVC.swift; sourceTree = "<group>"; };
		FA83A10A23C5CEB50073D438 /* Function.swift */ = {isa = PBXFileReference; lastKnownFileType = sourcecode.swift; path = Function.swift; sourceTree = "<group>"; };
		FA86A3E423CF08B9004E4807 /* CollectionSelectVC.swift */ = {isa = PBXFileReference; lastKnownFileType = sourcecode.swift; path = CollectionSelectVC.swift; sourceTree = "<group>"; };
		FB9AF3AC2CE0CA3E77165B63 /* Pods_iOS5959Tests.framework */ = {isa = PBXFileReference; explicitFileType = wrapper.framework; includeInIndex = 0; path = Pods_iOS5959Tests.framework; sourceTree = BUILT_PRODUCTS_DIR; };
/* End PBXFileReference section */

/* Begin PBXFrameworksBuildPhase section */
		717F3922239A103F008DA87A /* Frameworks */ = {
			isa = PBXFrameworksBuildPhase;
			buildActionMask = 2147483647;
			files = (
				1402A81EB4700E3AED544CFD /* Pods_iOS5959.framework in Frameworks */,
			);
			runOnlyForDeploymentPostprocessing = 0;
		};
		717F3938239A104B008DA87A /* Frameworks */ = {
			isa = PBXFrameworksBuildPhase;
			buildActionMask = 2147483647;
			files = (
				FBA395479441A733864ECE70 /* Pods_iOS5959Tests.framework in Frameworks */,
			);
			runOnlyForDeploymentPostprocessing = 0;
		};
		FA829E8A23E5825B00A9FE0A /* Frameworks */ = {
			isa = PBXFrameworksBuildPhase;
			buildActionMask = 2147483647;
			files = (
			);
			runOnlyForDeploymentPostprocessing = 0;
		};
/* End PBXFrameworksBuildPhase section */

/* Begin PBXGroup section */
		41F2F5B5F7B2E0E89FA07F7A /* Frameworks */ = {
			isa = PBXGroup;
			children = (
				8AC4AECA226FEE46C547BDDD /* Pods_iOS5959.framework */,
				FB9AF3AC2CE0CA3E77165B63 /* Pods_iOS5959Tests.framework */,
			);
			name = Frameworks;
			sourceTree = "<group>";
		};
		4545648815E9B8CB210B1065 /* Pods */ = {
			isa = PBXGroup;
			children = (
				115E5F10E4E3452E84D4C1BF /* Pods-iOS5959.debug.xcconfig */,
				77C7F6BED602FD1C8EC5A973 /* Pods-iOS5959.release.xcconfig */,
				43657F715DC1F2BB0227BB43 /* Pods-iOS5959Tests.debug.xcconfig */,
				F205DE21DA8CD2AE525765A8 /* Pods-iOS5959Tests.release.xcconfig */,
			);
			path = Pods;
			sourceTree = "<group>";
		};
		7140345C23D8A30900643F1C /* Font */ = {
			isa = PBXGroup;
			children = (
				7140346023D8A33200643F1C /* NanumSquareRoundB.ttf */,
				7140345D23D8A33100643F1C /* NanumSquareRoundEB.ttf */,
				7140345F23D8A33200643F1C /* NanumSquareRoundL.ttf */,
				7140345E23D8A33100643F1C /* NanumSquareRoundR.ttf */,
				7140346523D9545500643F1C /* Fonts.swift */,
			);
			path = Font;
			sourceTree = "<group>";
		};
		7156BCC123B7A5DB001072CC /* SideMenu */ = {
			isa = PBXGroup;
			children = (
				7156BCC223B7A5E8001072CC /* SideMenuViewController.swift */,
				7156BCC423B7A60F001072CC /* SideMenuTableView.swift */,
				7156BCC623B7A619001072CC /* SideMenuTableViewCell.swift */,
			);
			path = SideMenu;
			sourceTree = "<group>";
		};
		7156BCCA23B8A4D9001072CC /* Util */ = {
			isa = PBXGroup;
			children = (
				7156BCCB23B8A4E6001072CC /* Colors.swift */,
			);
			path = Util;
			sourceTree = "<group>";
		};
		7156BCCD23B8ECA2001072CC /* Views */ = {
			isa = PBXGroup;
			children = (
				7156BCD023BDB6EE001072CC /* ModifyCollectionView.swift */,
				7156BCD623BDC0AA001072CC /* ColorChipCollectionView.swift */,
				7131D37923BDDC5E00E4EA64 /* ColorChipCollectionViewCell.swift */,
				7131D37723BDDC0700E4EA64 /* ColorChipCollectionViewCell.xib */,
				7156BCD423BDB8BC001072CC /* ModifyCollectionViewController.swift */,
				7156BCD223BDB6FF001072CC /* ModifyCollectionViewXib.xib */,
			);
			path = Views;
			sourceTree = "<group>";
		};
		717F391C239A103F008DA87A = {
			isa = PBXGroup;
			children = (
				717F3927239A103F008DA87A /* iOS5959 */,
				717F393E239A104B008DA87A /* iOS5959Tests */,
				FA829E8E23E5825B00A9FE0A /* ShareExtension */,
				717F3926239A103F008DA87A /* Products */,
				4545648815E9B8CB210B1065 /* Pods */,
				41F2F5B5F7B2E0E89FA07F7A /* Frameworks */,
			);
			sourceTree = "<group>";
		};
		717F3926239A103F008DA87A /* Products */ = {
			isa = PBXGroup;
			children = (
				717F3925239A103F008DA87A /* WishBall.app */,
				717F393B239A104B008DA87A /* iOS5959Tests.xctest */,
				FA829E8D23E5825B00A9FE0A /* ShareExtension.appex */,
			);
			name = Products;
			sourceTree = "<group>";
		};
		717F3927239A103F008DA87A /* iOS5959 */ = {
			isa = PBXGroup;
			children = (
				7140345C23D8A30900643F1C /* Font */,
				7156BCCD23B8ECA2001072CC /* Views */,
				7156BCCA23B8A4D9001072CC /* Util */,
				7156BCC123B7A5DB001072CC /* SideMenu */,
				FA4E5AF323AE139A0038FD6E /* ItemView */,
				717F3928239A103F008DA87A /* AppDelegate.swift */,
				717F392A239A103F008DA87A /* SceneDelegate.swift */,
				717F392C239A103F008DA87A /* ViewController.swift */,
				717F392E239A103F008DA87A /* Main.storyboard */,
				717F3931239A104B008DA87A /* Assets.xcassets */,
				717F3933239A104B008DA87A /* LaunchScreen.storyboard */,
				717F3936239A104B008DA87A /* Info.plist */,
			);
			path = iOS5959;
			sourceTree = "<group>";
		};
		717F393E239A104B008DA87A /* iOS5959Tests */ = {
			isa = PBXGroup;
			children = (
				717F393F239A104B008DA87A /* iOS5959Tests.swift */,
				717F3941239A104B008DA87A /* Info.plist */,
			);
			path = iOS5959Tests;
			sourceTree = "<group>";
		};
		FA4E5AF323AE139A0038FD6E /* ItemView */ = {
			isa = PBXGroup;
			children = (
				FA4E5AEF23AE10DD0038FD6E /* ItemView.storyboard */,
				FA83A10A23C5CEB50073D438 /* Function.swift */,
				FA4E5AF123AE13950038FD6E /* ItemMainVC.swift */,
				FA83A10623C1BFA10073D438 /* ItemDetailVC.swift */,
				FA83A10823C39A530073D438 /* StaticTableVC.swift */,
				FA86A3E423CF08B9004E4807 /* CollectionSelectVC.swift */,
			);
			path = ItemView;
			sourceTree = "<group>";
		};
		FA829E8E23E5825B00A9FE0A /* ShareExtension */ = {
			isa = PBXGroup;
			children = (
				FA829E8F23E5825B00A9FE0A /* ShareViewController.swift */,
				FA829E9123E5825B00A9FE0A /* MainInterface.storyboard */,
				FA829E9423E5825B00A9FE0A /* Info.plist */,
			);
			path = ShareExtension;
			sourceTree = "<group>";
		};
/* End PBXGroup section */

/* Begin PBXNativeTarget section */
		717F3924239A103F008DA87A /* iOS5959 */ = {
			isa = PBXNativeTarget;
			buildConfigurationList = 717F3944239A104B008DA87A /* Build configuration list for PBXNativeTarget "iOS5959" */;
			buildPhases = (
				85C570EBB65DFDEDC6E5D59A /* [CP] Check Pods Manifest.lock */,
				717F3921239A103F008DA87A /* Sources */,
				717F3922239A103F008DA87A /* Frameworks */,
				717F3923239A103F008DA87A /* Resources */,
				650062EF631BD4636DFA1BEA /* [CP] Embed Pods Frameworks */,
				FA829E9823E5825B00A9FE0A /* Embed App Extensions */,
			);
			buildRules = (
			);
			dependencies = (
				FA829E9623E5825B00A9FE0A /* PBXTargetDependency */,
			);
			name = iOS5959;
			productName = iOS5959;
			productReference = 717F3925239A103F008DA87A /* WishBall.app */;
			productType = "com.apple.product-type.application";
		};
		717F393A239A104B008DA87A /* iOS5959Tests */ = {
			isa = PBXNativeTarget;
			buildConfigurationList = 717F3947239A104B008DA87A /* Build configuration list for PBXNativeTarget "iOS5959Tests" */;
			buildPhases = (
				D146FA7592F55FA6640E8642 /* [CP] Check Pods Manifest.lock */,
				717F3937239A104B008DA87A /* Sources */,
				717F3938239A104B008DA87A /* Frameworks */,
				717F3939239A104B008DA87A /* Resources */,
			);
			buildRules = (
			);
			dependencies = (
				717F393D239A104B008DA87A /* PBXTargetDependency */,
			);
			name = iOS5959Tests;
			productName = iOS5959Tests;
			productReference = 717F393B239A104B008DA87A /* iOS5959Tests.xctest */;
			productType = "com.apple.product-type.bundle.unit-test";
		};
		FA829E8C23E5825B00A9FE0A /* ShareExtension */ = {
			isa = PBXNativeTarget;
			buildConfigurationList = FA829E9B23E5825B00A9FE0A /* Build configuration list for PBXNativeTarget "ShareExtension" */;
			buildPhases = (
				FA829E8923E5825B00A9FE0A /* Sources */,
				FA829E8A23E5825B00A9FE0A /* Frameworks */,
				FA829E8B23E5825B00A9FE0A /* Resources */,
			);
			buildRules = (
			);
			dependencies = (
			);
			name = ShareExtension;
			productName = ShareExtension;
			productReference = FA829E8D23E5825B00A9FE0A /* ShareExtension.appex */;
			productType = "com.apple.product-type.app-extension";
		};
/* End PBXNativeTarget section */

/* Begin PBXProject section */
		717F391D239A103F008DA87A /* Project object */ = {
			isa = PBXProject;
			attributes = {
				LastSwiftUpdateCheck = 1130;
				LastUpgradeCheck = 1120;
				ORGANIZATIONNAME = 5959;
				TargetAttributes = {
					717F3924239A103F008DA87A = {
						CreatedOnToolsVersion = 11.2.1;
					};
					717F393A239A104B008DA87A = {
						CreatedOnToolsVersion = 11.2.1;
						TestTargetID = 717F3924239A103F008DA87A;
					};
					FA829E8C23E5825B00A9FE0A = {
						CreatedOnToolsVersion = 11.3;
					};
				};
			};
			buildConfigurationList = 717F3920239A103F008DA87A /* Build configuration list for PBXProject "iOS5959" */;
			compatibilityVersion = "Xcode 9.3";
			developmentRegion = en;
			hasScannedForEncodings = 0;
			knownRegions = (
				en,
				Base,
			);
			mainGroup = 717F391C239A103F008DA87A;
			productRefGroup = 717F3926239A103F008DA87A /* Products */;
			projectDirPath = "";
			projectRoot = "";
			targets = (
				717F3924239A103F008DA87A /* iOS5959 */,
				717F393A239A104B008DA87A /* iOS5959Tests */,
				FA829E8C23E5825B00A9FE0A /* ShareExtension */,
			);
		};
/* End PBXProject section */

/* Begin PBXResourcesBuildPhase section */
		717F3923239A103F008DA87A /* Resources */ = {
			isa = PBXResourcesBuildPhase;
			buildActionMask = 2147483647;
			files = (
				7131D37823BDDC0700E4EA64 /* ColorChipCollectionViewCell.xib in Resources */,
				7140346123D8A33200643F1C /* NanumSquareRoundEB.ttf in Resources */,
				717F3935239A104B008DA87A /* LaunchScreen.storyboard in Resources */,
				7140346223D8A33200643F1C /* NanumSquareRoundR.ttf in Resources */,
				FA4E5AF023AE10DD0038FD6E /* ItemView.storyboard in Resources */,
				7140346323D8A33200643F1C /* NanumSquareRoundL.ttf in Resources */,
				717F3932239A104B008DA87A /* Assets.xcassets in Resources */,
				717F3930239A103F008DA87A /* Main.storyboard in Resources */,
				7156BCD323BDB6FF001072CC /* ModifyCollectionViewXib.xib in Resources */,
				7140346423D8A33200643F1C /* NanumSquareRoundB.ttf in Resources */,
			);
			runOnlyForDeploymentPostprocessing = 0;
		};
		717F3939239A104B008DA87A /* Resources */ = {
			isa = PBXResourcesBuildPhase;
			buildActionMask = 2147483647;
			files = (
			);
			runOnlyForDeploymentPostprocessing = 0;
		};
		FA829E8B23E5825B00A9FE0A /* Resources */ = {
			isa = PBXResourcesBuildPhase;
			buildActionMask = 2147483647;
			files = (
				FA829E9323E5825B00A9FE0A /* MainInterface.storyboard in Resources */,
			);
			runOnlyForDeploymentPostprocessing = 0;
		};
/* End PBXResourcesBuildPhase section */

/* Begin PBXShellScriptBuildPhase section */
		650062EF631BD4636DFA1BEA /* [CP] Embed Pods Frameworks */ = {
			isa = PBXShellScriptBuildPhase;
			buildActionMask = 2147483647;
			files = (
			);
			inputFileListPaths = (
				"${PODS_ROOT}/Target Support Files/Pods-iOS5959/Pods-iOS5959-frameworks-${CONFIGURATION}-input-files.xcfilelist",
			);
			name = "[CP] Embed Pods Frameworks";
			outputFileListPaths = (
				"${PODS_ROOT}/Target Support Files/Pods-iOS5959/Pods-iOS5959-frameworks-${CONFIGURATION}-output-files.xcfilelist",
			);
			runOnlyForDeploymentPostprocessing = 0;
			shellPath = /bin/sh;
			shellScript = "\"${PODS_ROOT}/Target Support Files/Pods-iOS5959/Pods-iOS5959-frameworks.sh\"\n";
			showEnvVarsInLog = 0;
		};
		85C570EBB65DFDEDC6E5D59A /* [CP] Check Pods Manifest.lock */ = {
			isa = PBXShellScriptBuildPhase;
			buildActionMask = 2147483647;
			files = (
			);
			inputFileListPaths = (
			);
			inputPaths = (
				"${PODS_PODFILE_DIR_PATH}/Podfile.lock",
				"${PODS_ROOT}/Manifest.lock",
			);
			name = "[CP] Check Pods Manifest.lock";
			outputFileListPaths = (
			);
			outputPaths = (
				"$(DERIVED_FILE_DIR)/Pods-iOS5959-checkManifestLockResult.txt",
			);
			runOnlyForDeploymentPostprocessing = 0;
			shellPath = /bin/sh;
			shellScript = "diff \"${PODS_PODFILE_DIR_PATH}/Podfile.lock\" \"${PODS_ROOT}/Manifest.lock\" > /dev/null\nif [ $? != 0 ] ; then\n    # print error to STDERR\n    echo \"error: The sandbox is not in sync with the Podfile.lock. Run 'pod install' or update your CocoaPods installation.\" >&2\n    exit 1\nfi\n# This output is used by Xcode 'outputs' to avoid re-running this script phase.\necho \"SUCCESS\" > \"${SCRIPT_OUTPUT_FILE_0}\"\n";
			showEnvVarsInLog = 0;
		};
		D146FA7592F55FA6640E8642 /* [CP] Check Pods Manifest.lock */ = {
			isa = PBXShellScriptBuildPhase;
			buildActionMask = 2147483647;
			files = (
			);
			inputFileListPaths = (
			);
			inputPaths = (
				"${PODS_PODFILE_DIR_PATH}/Podfile.lock",
				"${PODS_ROOT}/Manifest.lock",
			);
			name = "[CP] Check Pods Manifest.lock";
			outputFileListPaths = (
			);
			outputPaths = (
				"$(DERIVED_FILE_DIR)/Pods-iOS5959Tests-checkManifestLockResult.txt",
			);
			runOnlyForDeploymentPostprocessing = 0;
			shellPath = /bin/sh;
			shellScript = "diff \"${PODS_PODFILE_DIR_PATH}/Podfile.lock\" \"${PODS_ROOT}/Manifest.lock\" > /dev/null\nif [ $? != 0 ] ; then\n    # print error to STDERR\n    echo \"error: The sandbox is not in sync with the Podfile.lock. Run 'pod install' or update your CocoaPods installation.\" >&2\n    exit 1\nfi\n# This output is used by Xcode 'outputs' to avoid re-running this script phase.\necho \"SUCCESS\" > \"${SCRIPT_OUTPUT_FILE_0}\"\n";
			showEnvVarsInLog = 0;
		};
/* End PBXShellScriptBuildPhase section */

/* Begin PBXSourcesBuildPhase section */
		717F3921239A103F008DA87A /* Sources */ = {
			isa = PBXSourcesBuildPhase;
			buildActionMask = 2147483647;
			files = (
				FA86A3E523CF08B9004E4807 /* CollectionSelectVC.swift in Sources */,
				FA4E5AF223AE13950038FD6E /* ItemMainVC.swift in Sources */,
				7156BCCC23B8A4E6001072CC /* Colors.swift in Sources */,
				7131D37A23BDDC5E00E4EA64 /* ColorChipCollectionViewCell.swift in Sources */,
				717F392D239A103F008DA87A /* ViewController.swift in Sources */,
				FA83A10B23C5CEB50073D438 /* Function.swift in Sources */,
				717F3929239A103F008DA87A /* AppDelegate.swift in Sources */,
				7156BCC323B7A5E8001072CC /* SideMenuViewController.swift in Sources */,
				7156BCC723B7A619001072CC /* SideMenuTableViewCell.swift in Sources */,
				7156BCD723BDC0AA001072CC /* ColorChipCollectionView.swift in Sources */,
				7156BCD523BDB8BC001072CC /* ModifyCollectionViewController.swift in Sources */,
				717F392B239A103F008DA87A /* SceneDelegate.swift in Sources */,
				7156BCD123BDB6EE001072CC /* ModifyCollectionView.swift in Sources */,
				7156BCC523B7A60F001072CC /* SideMenuTableView.swift in Sources */,
				FA83A10723C1BFA10073D438 /* ItemDetailVC.swift in Sources */,
				717F392B239A103F008DA87A /* SceneDelegate.swift in Sources */,
				7140346623D9545500643F1C /* Fonts.swift in Sources */,
				FA83A10923C39A530073D438 /* StaticTableVC.swift in Sources */,
			);
			runOnlyForDeploymentPostprocessing = 0;
		};
		717F3937239A104B008DA87A /* Sources */ = {
			isa = PBXSourcesBuildPhase;
			buildActionMask = 2147483647;
			files = (
				717F3940239A104B008DA87A /* iOS5959Tests.swift in Sources */,
			);
			runOnlyForDeploymentPostprocessing = 0;
		};
		FA829E8923E5825B00A9FE0A /* Sources */ = {
			isa = PBXSourcesBuildPhase;
			buildActionMask = 2147483647;
			files = (
				FA829E9023E5825B00A9FE0A /* ShareViewController.swift in Sources */,
			);
			runOnlyForDeploymentPostprocessing = 0;
		};
/* End PBXSourcesBuildPhase section */

/* Begin PBXTargetDependency section */
		717F393D239A104B008DA87A /* PBXTargetDependency */ = {
			isa = PBXTargetDependency;
			target = 717F3924239A103F008DA87A /* iOS5959 */;
			targetProxy = 717F393C239A104B008DA87A /* PBXContainerItemProxy */;
		};
		FA829E9623E5825B00A9FE0A /* PBXTargetDependency */ = {
			isa = PBXTargetDependency;
			target = FA829E8C23E5825B00A9FE0A /* ShareExtension */;
			targetProxy = FA829E9523E5825B00A9FE0A /* PBXContainerItemProxy */;
		};
/* End PBXTargetDependency section */

/* Begin PBXVariantGroup section */
		717F392E239A103F008DA87A /* Main.storyboard */ = {
			isa = PBXVariantGroup;
			children = (
				717F392F239A103F008DA87A /* Base */,
			);
			name = Main.storyboard;
			sourceTree = "<group>";
		};
		717F3933239A104B008DA87A /* LaunchScreen.storyboard */ = {
			isa = PBXVariantGroup;
			children = (
				717F3934239A104B008DA87A /* Base */,
			);
			name = LaunchScreen.storyboard;
			sourceTree = "<group>";
		};
		FA829E9123E5825B00A9FE0A /* MainInterface.storyboard */ = {
			isa = PBXVariantGroup;
			children = (
				FA829E9223E5825B00A9FE0A /* Base */,
			);
			name = MainInterface.storyboard;
			sourceTree = "<group>";
		};
/* End PBXVariantGroup section */

/* Begin XCBuildConfiguration section */
		717F3942239A104B008DA87A /* Debug */ = {
			isa = XCBuildConfiguration;
			buildSettings = {
				ALWAYS_SEARCH_USER_PATHS = NO;
				CLANG_ANALYZER_NONNULL = YES;
				CLANG_ANALYZER_NUMBER_OBJECT_CONVERSION = YES_AGGRESSIVE;
				CLANG_CXX_LANGUAGE_STANDARD = "gnu++14";
				CLANG_CXX_LIBRARY = "libc++";
				CLANG_ENABLE_MODULES = YES;
				CLANG_ENABLE_OBJC_ARC = YES;
				CLANG_ENABLE_OBJC_WEAK = YES;
				CLANG_WARN_BLOCK_CAPTURE_AUTORELEASING = YES;
				CLANG_WARN_BOOL_CONVERSION = YES;
				CLANG_WARN_COMMA = YES;
				CLANG_WARN_CONSTANT_CONVERSION = YES;
				CLANG_WARN_DEPRECATED_OBJC_IMPLEMENTATIONS = YES;
				CLANG_WARN_DIRECT_OBJC_ISA_USAGE = YES_ERROR;
				CLANG_WARN_DOCUMENTATION_COMMENTS = YES;
				CLANG_WARN_EMPTY_BODY = YES;
				CLANG_WARN_ENUM_CONVERSION = YES;
				CLANG_WARN_INFINITE_RECURSION = YES;
				CLANG_WARN_INT_CONVERSION = YES;
				CLANG_WARN_NON_LITERAL_NULL_CONVERSION = YES;
				CLANG_WARN_OBJC_IMPLICIT_RETAIN_SELF = YES;
				CLANG_WARN_OBJC_LITERAL_CONVERSION = YES;
				CLANG_WARN_OBJC_ROOT_CLASS = YES_ERROR;
				CLANG_WARN_RANGE_LOOP_ANALYSIS = YES;
				CLANG_WARN_STRICT_PROTOTYPES = YES;
				CLANG_WARN_SUSPICIOUS_MOVE = YES;
				CLANG_WARN_UNGUARDED_AVAILABILITY = YES_AGGRESSIVE;
				CLANG_WARN_UNREACHABLE_CODE = YES;
				CLANG_WARN__DUPLICATE_METHOD_MATCH = YES;
				COPY_PHASE_STRIP = NO;
				DEBUG_INFORMATION_FORMAT = dwarf;
				ENABLE_STRICT_OBJC_MSGSEND = YES;
				ENABLE_TESTABILITY = YES;
				GCC_C_LANGUAGE_STANDARD = gnu11;
				GCC_DYNAMIC_NO_PIC = NO;
				GCC_NO_COMMON_BLOCKS = YES;
				GCC_OPTIMIZATION_LEVEL = 0;
				GCC_PREPROCESSOR_DEFINITIONS = (
					"DEBUG=1",
					"$(inherited)",
				);
				GCC_WARN_64_TO_32_BIT_CONVERSION = YES;
				GCC_WARN_ABOUT_RETURN_TYPE = YES_ERROR;
				GCC_WARN_UNDECLARED_SELECTOR = YES;
				GCC_WARN_UNINITIALIZED_AUTOS = YES_AGGRESSIVE;
				GCC_WARN_UNUSED_FUNCTION = YES;
				GCC_WARN_UNUSED_VARIABLE = YES;
				IPHONEOS_DEPLOYMENT_TARGET = 13.0;
				MTL_ENABLE_DEBUG_INFO = INCLUDE_SOURCE;
				MTL_FAST_MATH = YES;
				ONLY_ACTIVE_ARCH = YES;
				SDKROOT = iphoneos;
				SWIFT_ACTIVE_COMPILATION_CONDITIONS = DEBUG;
				SWIFT_OPTIMIZATION_LEVEL = "-Onone";
			};
			name = Debug;
		};
		717F3943239A104B008DA87A /* Release */ = {
			isa = XCBuildConfiguration;
			buildSettings = {
				ALWAYS_SEARCH_USER_PATHS = NO;
				CLANG_ANALYZER_NONNULL = YES;
				CLANG_ANALYZER_NUMBER_OBJECT_CONVERSION = YES_AGGRESSIVE;
				CLANG_CXX_LANGUAGE_STANDARD = "gnu++14";
				CLANG_CXX_LIBRARY = "libc++";
				CLANG_ENABLE_MODULES = YES;
				CLANG_ENABLE_OBJC_ARC = YES;
				CLANG_ENABLE_OBJC_WEAK = YES;
				CLANG_WARN_BLOCK_CAPTURE_AUTORELEASING = YES;
				CLANG_WARN_BOOL_CONVERSION = YES;
				CLANG_WARN_COMMA = YES;
				CLANG_WARN_CONSTANT_CONVERSION = YES;
				CLANG_WARN_DEPRECATED_OBJC_IMPLEMENTATIONS = YES;
				CLANG_WARN_DIRECT_OBJC_ISA_USAGE = YES_ERROR;
				CLANG_WARN_DOCUMENTATION_COMMENTS = YES;
				CLANG_WARN_EMPTY_BODY = YES;
				CLANG_WARN_ENUM_CONVERSION = YES;
				CLANG_WARN_INFINITE_RECURSION = YES;
				CLANG_WARN_INT_CONVERSION = YES;
				CLANG_WARN_NON_LITERAL_NULL_CONVERSION = YES;
				CLANG_WARN_OBJC_IMPLICIT_RETAIN_SELF = YES;
				CLANG_WARN_OBJC_LITERAL_CONVERSION = YES;
				CLANG_WARN_OBJC_ROOT_CLASS = YES_ERROR;
				CLANG_WARN_RANGE_LOOP_ANALYSIS = YES;
				CLANG_WARN_STRICT_PROTOTYPES = YES;
				CLANG_WARN_SUSPICIOUS_MOVE = YES;
				CLANG_WARN_UNGUARDED_AVAILABILITY = YES_AGGRESSIVE;
				CLANG_WARN_UNREACHABLE_CODE = YES;
				CLANG_WARN__DUPLICATE_METHOD_MATCH = YES;
				COPY_PHASE_STRIP = NO;
				DEBUG_INFORMATION_FORMAT = "dwarf-with-dsym";
				ENABLE_NS_ASSERTIONS = NO;
				ENABLE_STRICT_OBJC_MSGSEND = YES;
				GCC_C_LANGUAGE_STANDARD = gnu11;
				GCC_NO_COMMON_BLOCKS = YES;
				GCC_WARN_64_TO_32_BIT_CONVERSION = YES;
				GCC_WARN_ABOUT_RETURN_TYPE = YES_ERROR;
				GCC_WARN_UNDECLARED_SELECTOR = YES;
				GCC_WARN_UNINITIALIZED_AUTOS = YES_AGGRESSIVE;
				GCC_WARN_UNUSED_FUNCTION = YES;
				GCC_WARN_UNUSED_VARIABLE = YES;
				IPHONEOS_DEPLOYMENT_TARGET = 13.0;
				MTL_ENABLE_DEBUG_INFO = NO;
				MTL_FAST_MATH = YES;
				SDKROOT = iphoneos;
				SWIFT_COMPILATION_MODE = wholemodule;
				SWIFT_OPTIMIZATION_LEVEL = "-O";
				VALIDATE_PRODUCT = YES;
			};
			name = Release;
		};
		717F3945239A104B008DA87A /* Debug */ = {
			isa = XCBuildConfiguration;
			baseConfigurationReference = 115E5F10E4E3452E84D4C1BF /* Pods-iOS5959.debug.xcconfig */;
			buildSettings = {
				ALWAYS_EMBED_SWIFT_STANDARD_LIBRARIES = YES;
				ASSETCATALOG_COMPILER_APPICON_NAME = AppIcon;
				CODE_SIGN_STYLE = Automatic;
				DEVELOPMENT_TEAM = H899557VXN;
				INFOPLIST_FILE = iOS5959/Info.plist;
				IPHONEOS_DEPLOYMENT_TARGET = 13.0;
				LD_RUNPATH_SEARCH_PATHS = (
					"$(inherited)",
					"@executable_path/Frameworks",
				);
				PRODUCT_BUNDLE_IDENTIFIER = com.ddd.iOS5959;
				PRODUCT_NAME = WishBall;
				SWIFT_VERSION = 5.0;
				TARGETED_DEVICE_FAMILY = 1;
			};
			name = Debug;
		};
		717F3946239A104B008DA87A /* Release */ = {
			isa = XCBuildConfiguration;
			baseConfigurationReference = 77C7F6BED602FD1C8EC5A973 /* Pods-iOS5959.release.xcconfig */;
			buildSettings = {
				ALWAYS_EMBED_SWIFT_STANDARD_LIBRARIES = YES;
				ASSETCATALOG_COMPILER_APPICON_NAME = AppIcon;
				CODE_SIGN_STYLE = Automatic;
				DEVELOPMENT_TEAM = H899557VXN;
				INFOPLIST_FILE = iOS5959/Info.plist;
				IPHONEOS_DEPLOYMENT_TARGET = 13.0;
				LD_RUNPATH_SEARCH_PATHS = (
					"$(inherited)",
					"@executable_path/Frameworks",
				);
				PRODUCT_BUNDLE_IDENTIFIER = com.ddd.iOS5959;
				PRODUCT_NAME = WishBall;
				SWIFT_VERSION = 5.0;
				TARGETED_DEVICE_FAMILY = 1;
			};
			name = Release;
		};
		717F3948239A104B008DA87A /* Debug */ = {
			isa = XCBuildConfiguration;
			baseConfigurationReference = 43657F715DC1F2BB0227BB43 /* Pods-iOS5959Tests.debug.xcconfig */;
			buildSettings = {
				ALWAYS_EMBED_SWIFT_STANDARD_LIBRARIES = YES;
				BUNDLE_LOADER = "$(TEST_HOST)";
				CODE_SIGN_STYLE = Automatic;
				DEVELOPMENT_TEAM = H899557VXN;
				INFOPLIST_FILE = iOS5959Tests/Info.plist;
				IPHONEOS_DEPLOYMENT_TARGET = 13.2;
				LD_RUNPATH_SEARCH_PATHS = (
					"$(inherited)",
					"@executable_path/Frameworks",
					"@loader_path/Frameworks",
				);
				PRODUCT_BUNDLE_IDENTIFIER = com.dev.iOS5959Tests;
				PRODUCT_NAME = "$(TARGET_NAME)";
				SWIFT_VERSION = 5.0;
				TARGETED_DEVICE_FAMILY = "1,2";
				TEST_HOST = "$(BUILT_PRODUCTS_DIR)/iOS5959.app/iOS5959";
			};
			name = Debug;
		};
		717F3949239A104B008DA87A /* Release */ = {
			isa = XCBuildConfiguration;
			baseConfigurationReference = F205DE21DA8CD2AE525765A8 /* Pods-iOS5959Tests.release.xcconfig */;
			buildSettings = {
				ALWAYS_EMBED_SWIFT_STANDARD_LIBRARIES = YES;
				BUNDLE_LOADER = "$(TEST_HOST)";
				CODE_SIGN_STYLE = Automatic;
				DEVELOPMENT_TEAM = H899557VXN;
				INFOPLIST_FILE = iOS5959Tests/Info.plist;
				IPHONEOS_DEPLOYMENT_TARGET = 13.2;
				LD_RUNPATH_SEARCH_PATHS = (
					"$(inherited)",
					"@executable_path/Frameworks",
					"@loader_path/Frameworks",
				);
				PRODUCT_BUNDLE_IDENTIFIER = com.dev.iOS5959Tests;
				PRODUCT_NAME = "$(TARGET_NAME)";
				SWIFT_VERSION = 5.0;
				TARGETED_DEVICE_FAMILY = "1,2";
				TEST_HOST = "$(BUILT_PRODUCTS_DIR)/iOS5959.app/iOS5959";
			};
			name = Release;
		};
		FA829E9923E5825B00A9FE0A /* Debug */ = {
			isa = XCBuildConfiguration;
			buildSettings = {
				CODE_SIGN_STYLE = Automatic;
				DEVELOPMENT_TEAM = H899557VXN;
				INFOPLIST_FILE = ShareExtension/Info.plist;
				IPHONEOS_DEPLOYMENT_TARGET = 13.2;
				LD_RUNPATH_SEARCH_PATHS = (
					"$(inherited)",
					"@executable_path/Frameworks",
					"@executable_path/../../Frameworks",
				);
				PRODUCT_BUNDLE_IDENTIFIER = com.ddd.iOS5959.ShareExtension;
				PRODUCT_NAME = "$(TARGET_NAME)";
				SKIP_INSTALL = YES;
				SWIFT_VERSION = 5.0;
				TARGETED_DEVICE_FAMILY = "1,2";
			};
			name = Debug;
		};
		FA829E9A23E5825B00A9FE0A /* Release */ = {
			isa = XCBuildConfiguration;
			buildSettings = {
				CODE_SIGN_STYLE = Automatic;
				DEVELOPMENT_TEAM = H899557VXN;
				INFOPLIST_FILE = ShareExtension/Info.plist;
				IPHONEOS_DEPLOYMENT_TARGET = 13.2;
				LD_RUNPATH_SEARCH_PATHS = (
					"$(inherited)",
					"@executable_path/Frameworks",
					"@executable_path/../../Frameworks",
				);
				PRODUCT_BUNDLE_IDENTIFIER = com.ddd.iOS5959.ShareExtension;
				PRODUCT_NAME = "$(TARGET_NAME)";
				SKIP_INSTALL = YES;
				SWIFT_VERSION = 5.0;
				TARGETED_DEVICE_FAMILY = "1,2";
			};
			name = Release;
		};
/* End XCBuildConfiguration section */

/* Begin XCConfigurationList section */
		717F3920239A103F008DA87A /* Build configuration list for PBXProject "iOS5959" */ = {
			isa = XCConfigurationList;
			buildConfigurations = (
				717F3942239A104B008DA87A /* Debug */,
				717F3943239A104B008DA87A /* Release */,
			);
			defaultConfigurationIsVisible = 0;
			defaultConfigurationName = Release;
		};
		717F3944239A104B008DA87A /* Build configuration list for PBXNativeTarget "iOS5959" */ = {
			isa = XCConfigurationList;
			buildConfigurations = (
				717F3945239A104B008DA87A /* Debug */,
				717F3946239A104B008DA87A /* Release */,
			);
			defaultConfigurationIsVisible = 0;
			defaultConfigurationName = Release;
		};
		717F3947239A104B008DA87A /* Build configuration list for PBXNativeTarget "iOS5959Tests" */ = {
			isa = XCConfigurationList;
			buildConfigurations = (
				717F3948239A104B008DA87A /* Debug */,
				717F3949239A104B008DA87A /* Release */,
			);
			defaultConfigurationIsVisible = 0;
			defaultConfigurationName = Release;
		};
		FA829E9B23E5825B00A9FE0A /* Build configuration list for PBXNativeTarget "ShareExtension" */ = {
			isa = XCConfigurationList;
			buildConfigurations = (
				FA829E9923E5825B00A9FE0A /* Debug */,
				FA829E9A23E5825B00A9FE0A /* Release */,
			);
			defaultConfigurationIsVisible = 0;
			defaultConfigurationName = Release;
		};
/* End XCConfigurationList section */
	};
	rootObject = 717F391D239A103F008DA87A /* Project object */;
}
